
Microsoft Visual Studio Solution File, Format Version 12.00
# Visual Studio Version 16
VisualStudioVersion = 16.0.35130.168
MinimumVisualStudioVersion = 10.0.40219.1
Project("{FAE04EC0-301F-11D3-BF4B-00C04F79EFBC}") = "TP2APLICACIONESWEB", "TP2APLICACIONESWEB\TP2APLICACIONESWEB.csproj", "{6095A8D9-5273-42BC-8130-2F98D930CFC7}"
EndProject
Global
	GlobalSection(SolutionConfigurationPlatforms) = preSolution
		Debug|Any CPU = Debug|Any CPU
		Release|Any CPU = Release|Any CPU
	EndGlobalSection
	GlobalSection(ProjectConfigurationPlatforms) = postSolution
		{6095A8D9-5273-42BC-8130-2F98D930CFC7}.Debug|Any CPU.ActiveCfg = Debug|Any CPU
		{6095A8D9-5273-42BC-8130-2F98D930CFC7}.Debug|Any CPU.Build.0 = Debug|Any CPU
		{6095A8D9-5273-42BC-8130-2F98D930CFC7}.Release|Any CPU.ActiveCfg = Release|Any CPU
		{6095A8D9-5273-42BC-8130-2F98D930CFC7}.Release|Any CPU.Build.0 = Release|Any CPU
	EndGlobalSection
	GlobalSection(SolutionProperties) = preSolution
		HideSolutionNode = FALSE
	EndGlobalSection
	GlobalSection(ExtensibilityGlobals) = postSolution
		SolutionGuid = {311ACFA3-CC95-4A96-9183-401A9CD813C3}
	EndGlobalSection
EndGlobal
